// !$*UTF8*$!
{
	archiveVersion = 1;
	classes = {
	};
	objectVersion = 56;
	objects = {

/* Begin PBXBuildFile section */
		A10000000000000000000001 /* CodexRemoteApp.swift in Sources */ = {isa = PBXBuildFile; fileRef = A20000000000000000000001 /* CodexRemoteApp.swift */; };
		A10000000000000000000002 /* RemoteClient.swift in Sources */ = {isa = PBXBuildFile; fileRef = A20000000000000000000002 /* RemoteClient.swift */; };
		A10000000000000000000003 /* RemoteProtocol.swift in Sources */ = {isa = PBXBuildFile; fileRef = A20000000000000000000003 /* RemoteProtocol.swift */; };
		A1000000000000000000000A /* ComposerDraftState.swift in Sources */ = {isa = PBXBuildFile; fileRef = A2000000000000000000000A /* ComposerDraftState.swift */; };
		A10000000000000000000006 /* Icon60@2x.png in Resources */ = {isa = PBXBuildFile; fileRef = A20000000000000000000006 /* Icon60@2x.png */; };
		A10000000000000000000007 /* Icon60@3x.png in Resources */ = {isa = PBXBuildFile; fileRef = A20000000000000000000007 /* Icon60@3x.png */; };
		A10000000000000000000008 /* Icon76@2x.png in Resources */ = {isa = PBXBuildFile; fileRef = A20000000000000000000008 /* Icon76@2x.png */; };
		A10000000000000000000009 /* Icon83.5@2x.png in Resources */ = {isa = PBXBuildFile; fileRef = A20000000000000000000009 /* Icon83.5@2x.png */; };
/* End PBXBuildFile section */

/* Begin PBXFileReference section */
		A20000000000000000000000 /* CodexRemote.app */ = {isa = PBXFileReference; explicitFileType = wrapper.application; includeInIndex = 0; path = CodexRemote.app; sourceTree = BUILT_PRODUCTS_DIR; };
		A20000000000000000000001 /* CodexRemoteApp.swift */ = {isa = PBXFileReference; lastKnownFileType = sourcecode.swift; path = CodexRemoteApp.swift; sourceTree = "<group>"; };
		A20000000000000000000002 /* RemoteClient.swift */ = {isa = PBXFileReference; lastKnownFileType = sourcecode.swift; path = RemoteClient.swift; sourceTree = "<group>"; };
		A20000000000000000000003 /* RemoteProtocol.swift */ = {isa = PBXFileReference; lastKnownFileType = sourcecode.swift; name = RemoteProtocol.swift; path = RemoteProtocol.swift; sourceTree = "<group>"; };
		A2000000000000000000000A /* ComposerDraftState.swift */ = {isa = PBXFileReference; lastKnownFileType = sourcecode.swift; name = ComposerDraftState.swift; path = ComposerDraftState.swift; sourceTree = "<group>"; };
		A20000000000000000000004 /* Info.plist */ = {isa = PBXFileReference; lastKnownFileType = text.plist.xml; path = Info.plist; sourceTree = "<group>"; };
		A20000000000000000000005 /* Assets.xcassets */ = {isa = PBXFileReference; lastKnownFileType = folder.assetcatalog; path = Assets.xcassets; sourceTree = "<group>"; };
		A20000000000000000000006 /* Icon60@2x.png */ = {isa = PBXFileReference; lastKnownFileType = image.png; path = "Icon60@2x.png"; sourceTree = "<group>"; };
		A20000000000000000000007 /* Icon60@3x.png */ = {isa = PBXFileReference; lastKnownFileType = image.png; path = "Icon60@3x.png"; sourceTree = "<group>"; };
		A20000000000000000000008 /* Icon76@2x.png */ = {isa = PBXFileReference; lastKnownFileType = image.png; path = "Icon76@2x.png"; sourceTree = "<group>"; };
		A20000000000000000000009 /* Icon83.5@2x.png */ = {isa = PBXFileReference; lastKnownFileType = image.png; path = "Icon83.5@2x.png"; sourceTree = "<group>"; };
/* End PBXFileReference section */

/* Begin PBXFrameworksBuildPhase section */
		A30000000000000000000001 /* Frameworks */ = {isa = PBXFrameworksBuildPhase; buildActionMask = 2147483647; files = (
		); runOnlyForDeploymentPostprocessing = 0; };
/* End PBXFrameworksBuildPhase section */

/* Begin PBXGroup section */
		A40000000000000000000000 = {isa = PBXGroup; children = (
			A40000000000000000000001,
			A40000000000000000000002,
			A40000000000000000000003,
		); sourceTree = "<group>"; };
		A40000000000000000000001 /* CodexRemoteIOS */ = {isa = PBXGroup; children = (
			A20000000000000000000001,
			A20000000000000000000002,
			A20000000000000000000004,
			A20000000000000000000005,
			A20000000000000000000006,
			A20000000000000000000007,
			A20000000000000000000008,
			A20000000000000000000009,
		); path = CodexRemoteIOS; sourceTree = "<group>"; };
		A40000000000000000000002 /* Shared */ = {isa = PBXGroup; children = (
			A20000000000000000000003,
			A2000000000000000000000A,
		); name = Shared; path = Sources/CodexRemoteShared; sourceTree = "<group>"; };
		A40000000000000000000003 /* Products */ = {isa = PBXGroup; children = (
			A20000000000000000000000,
		); name = Products; sourceTree = "<group>"; };
/* End PBXGroup section */

/* Begin PBXNativeTarget section */
		A50000000000000000000001 /* CodexRemote */ = {isa = PBXNativeTarget; buildConfigurationList = A60000000000000000000002 /* Build configuration list for PBXNativeTarget "CodexRemote" */; buildPhases = (
			A30000000000000000000002 /* Sources */,
			A30000000000000000000001 /* Frameworks */,
			A30000000000000000000003 /* Resources */,
		); buildRules = (
		); dependencies = (
		); name = CodexRemote; productName = CodexRemote; productReference = A20000000000000000000000 /* CodexRemote.app */; productType = "com.apple.product-type.application"; };
/* End PBXNativeTarget section */

/* Begin PBXProject section */
		A50000000000000000000000 /* Project object */ = {isa = PBXProject; attributes = { LastUpgradeCheck = 1640; TargetAttributes = { A50000000000000000000001 = { CreatedOnToolsVersion = 16.4; }; }; }; buildConfigurationList = A60000000000000000000001 /* Build configuration list for PBXProject "CodexRemoteIOS" */; compatibilityVersion = "Xcode 15.0"; developmentRegion = en; hasScannedForEncodings = 0; knownRegions = ( en, Base, ); mainGroup = A40000000000000000000000; productRefGroup = A40000000000000000000003 /* Products */; projectDirPath = ""; projectRoot = ""; targets = ( A50000000000000000000001 /* CodexRemote */ ); };
/* End PBXProject section */

/* Begin PBXResourcesBuildPhase section */
		A30000000000000000000003 /* Resources */ = {isa = PBXResourcesBuildPhase; buildActionMask = 2147483647; files = (
			A10000000000000000000006 /* Icon60@2x.png in Resources */,
			A10000000000000000000007 /* Icon60@3x.png in Resources */,
			A10000000000000000000008 /* Icon76@2x.png in Resources */,
			A10000000000000000000009 /* Icon83.5@2x.png in Resources */,
		); runOnlyForDeploymentPostprocessing = 0; };
/* End PBXResourcesBuildPhase section */

/* Begin PBXSourcesBuildPhase section */
		A30000000000000000000002 /* Sources */ = {isa = PBXSourcesBuildPhase; buildActionMask = 2147483647; files = (
			A10000000000000000000001 /* CodexRemoteApp.swift in Sources */,
			A10000000000000000000002 /* RemoteClient.swift in Sources */,
			A10000000000000000000003 /* RemoteProtocol.swift in Sources */,
			A1000000000000000000000A /* ComposerDraftState.swift in Sources */,
		); runOnlyForDeploymentPostprocessing = 0; };
/* End PBXSourcesBuildPhase section */

/* Begin XCBuildConfiguration section */
		A70000000000000000000001 /* Debug */ = {isa = XCBuildConfiguration; buildSettings = {
			ALWAYS_SEARCH_USER_PATHS = NO;
			CLANG_ENABLE_MODULES = YES;
			CODE_SIGN_STYLE = Automatic;
			COMPRESS_PNG_FILES = NO;
			"CODE_SIGN_IDENTITY[sdk=iphoneos*]" = "Apple Development";
			GCC_C_LANGUAGE_STANDARD = gnu17;
			INFOPLIST_FILE = CodexRemoteIOS/Info.plist;
			IPHONEOS_DEPLOYMENT_TARGET = 16.0;
			LD_RUNPATH_SEARCH_PATHS = "$(inherited) @executable_path/Frameworks";
			PRODUCT_BUNDLE_IDENTIFIER = "io.github.jiac78390-alt.CodexRemote";
			PRODUCT_NAME = "$(TARGET_NAME)";
			SDKROOT = iphoneos;
			SWIFT_OPTIMIZATION_LEVEL = "-Onone";
			SWIFT_VERSION = 5.0;
			TARGETED_DEVICE_FAMILY = "1,2";
		}; name = Debug; };
		A70000000000000000000002 /* Release */ = {isa = XCBuildConfiguration; buildSettings = {
			ALWAYS_SEARCH_USER_PATHS = NO;
			CLANG_ENABLE_MODULES = YES;
			CODE_SIGN_STYLE = Automatic;
			COMPRESS_PNG_FILES = NO;
			"CODE_SIGN_IDENTITY[sdk=iphoneos*]" = "Apple Development";
			GCC_C_LANGUAGE_STANDARD = gnu17;
			INFOPLIST_FILE = CodexRemoteIOS/Info.plist;
			IPHONEOS_DEPLOYMENT_TARGET = 16.0;
			LD_RUNPATH_SEARCH_PATHS = "$(inherited) @executable_path/Frameworks";
			PRODUCT_BUNDLE_IDENTIFIER = "io.github.jiac78390-alt.CodexRemote";
			PRODUCT_NAME = "$(TARGET_NAME)";
			SDKROOT = iphoneos;
			SWIFT_VERSION = 5.0;
			TARGETED_DEVICE_FAMILY = "1,2";
		}; name = Release; };
		A70000000000000000000003 /* Project Debug */ = {isa = XCBuildConfiguration; buildSettings = { ALWAYS_SEARCH_USER_PATHS = NO; CLANG_ENABLE_MODULES = YES; CLANG_ENABLE_OBJC_ARC = YES; }; name = Debug; };
		A70000000000000000000004 /* Project Release */ = {isa = XCBuildConfiguration; buildSettings = { ALWAYS_SEARCH_USER_PATHS = NO; CLANG_ENABLE_MODULES = YES; CLANG_ENABLE_OBJC_ARC = YES; }; name = Release; };
/* End XCBuildConfiguration section */

/* Begin XCConfigurationList section */
		A60000000000000000000001 /* Build configuration list for PBXProject "CodexRemoteIOS" */ = {isa = XCConfigurationList; buildConfigurations = ( A70000000000000000000003 /* Project Debug */, A70000000000000000000004 /* Project Release */ ); defaultConfigurationIsVisible = 0; defaultConfigurationName = Release; };
		A60000000000000000000002 /* Build configuration list for PBXNativeTarget "CodexRemote" */ = {isa = XCConfigurationList; buildConfigurations = ( A70000000000000000000001 /* Debug */, A70000000000000000000002 /* Release */ ); defaultConfigurationIsVisible = 0; defaultConfigurationName = Release; };
/* End XCConfigurationList section */
	};
	rootObject = A50000000000000000000000 /* Project object */;
}
